PODS:
  - Alamofire (4.4.0)
  - AlamofireImage (3.2.0):
    - Alamofire (~> 4.1)
  - AlamofireObjectMapper (4.1.0):
    - Alamofire (~> 4.1)
    - ObjectMapper (~> 2.0)
  - KeyboardHideManager (1.1.0)
  - ObjectMapper (2.2.6)
  - SDCAlertView (7.1.2)

DEPENDENCIES:
  - Alamofire (~> 4.4)
  - AlamofireImage (~> 3.1)
  - AlamofireObjectMapper (~> 4.0)
  - KeyboardHideManager (~> 1.0)
  - SDCAlertView (~> 7.1)

SPEC CHECKSUMS:
  Alamofire: dc44b1600b800eb63da6a19039a0083d62a6a62d
  AlamofireImage: 157ed682cc81d3b9db4fb90c1f12180ac552d93b
  AlamofireObjectMapper: 435adc82f5b367679bd9e71c4974a54efd0b2521
  KeyboardHideManager: 9b7eedd5c39c96e3f0b54a8fc5481c63b76fee16
  ObjectMapper: 042708195cc46c20871cbcbec0453826398273fd
  SDCAlertView: c39fa91a3aeb5eeba58fe9cea648263b131ff2bf

PODFILE CHECKSUM: e8f9834486e15345eaea2c1ea088c1b678b03a04

COCOAPODS: 1.2.1
